<?xml version="1.0" encoding="utf-8"?>
<Project ToolsVersion="4.0" xmlns="http://schemas.microsoft.com/developer/msbuild/2003">
  <ItemGroup>
    <ClCompile Include="..\..\src\robotManager\environment.cpp" />
    <ClCompile Include="..\..\src\robotManager\environmentBusbar.cpp" />
    <ClCompile Include="..\..\src\robotManager\environment_2nd.cpp" />
    <ClCompile Include="..\..\src\robotManager\environment_4th.cpp" />
    <ClCompile Include="..\..\src\robotManager\environment_QBtech.cpp" />
    <ClCompile Include="..\..\src\robotManager\environment_workcell.cpp" />
    <ClCompile Include="..\..\src\robotManager\IndyRobot.cpp" />
    <ClCompile Include="..\..\src\robotManager\indyRobotManager.cpp" />
    <ClCompile Include="..\..\src\robotManager\MH12Robot.cpp" />
    <ClCompile Include="..\..\src\robotManager\MH12RobotManager.cpp" />
    <ClCompile Include="..\..\src\robotManager\robotManager.cpp" />
    <ClCompile Include="..\..\src\robotManager\robotRRTManager.cpp" />
    <ClCompile Include="..\..\src\robotManager\robotTaskManager.cpp" />
    <ClCompile Include="..\..\src\robotManager\rrtVectorFields.cpp" />
    <ClCompile Include="..\..\src\robotManager\SDA20DRobot.cpp" />
    <ClCompile Include="..\..\src\robotManager\SDA20DRobotManager.cpp" />
    <ClCompile Include="..\..\src\robotManager\UR3Robot.cpp" />
    <ClCompile Include="..\..\src\robotManager\UR3RobotManager.cpp" />
    <ClCompile Include="..\..\src\robotManager\UR5Robot.cpp" />
    <ClCompile Include="..\..\src\robotManager\UR5RobotManager.cpp" />
    <ClCompile Include="..\..\src\robotManager\environment_5th.cpp" />
  </ItemGroup>
  <ItemGroup>
    <ClInclude Include="..\..\src\robotManager\environment.h" />
    <ClInclude Include="..\..\src\robotManager\environmentBusbar.h" />
    <ClInclude Include="..\..\src\robotManager\environment_2nd.h" />
    <ClInclude Include="..\..\src\robotManager\environment_4th.h" />
    <ClInclude Include="..\..\src\robotManager\environment_QBtech.h" />
    <ClInclude Include="..\..\src\robotManager\environment_workcell.h" />
    <ClInclude Include="..\..\src\robotManager\IndyRobot.h" />
    <ClInclude Include="..\..\src\robotManager\indyRobotManager.h" />
    <ClInclude Include="..\..\src\robotManager\makeSpecialCol.h" />
    <ClInclude Include="..\..\src\robotManager\MH12Robot.h" />
    <ClInclude Include="..\..\src\robotManager\MH12RobotManager.h" />
    <ClInclude Include="..\..\src\robotManager\robotManager.h" />
    <ClInclude Include="..\..\src\robotManager\robotRRTManager.h" />
    <ClInclude Include="..\..\src\robotManager\robotTaskManager.h" />
    <ClInclude Include="..\..\src\robotManager\rrtVectorFields.h" />
    <ClInclude Include="..\..\src\robotManager\SDA20DRobot.h" />
    <ClInclude Include="..\..\src\robotManager\SDA20DRobotManager.h" />
    <ClInclude Include="..\..\src\robotManager\UR3Robot.h" />
    <ClInclude Include="..\..\src\robotManager\UR3RobotManager.h" />
    <ClInclude Include="..\..\src\robotManager\UR5Robot.h" />
    <ClInclude Include="..\..\src\robotManager\UR5RobotManager.h" />
    <ClInclude Include="..\..\src\robotManager\environment_5th.h" />
  </ItemGroup>
</Project>